
Microsoft Visual Studio Solution File, Format Version 12.00
# Visual Studio Version 16
VisualStudioVersion = 16.0.30907.101
MinimumVisualStudioVersion = 10.0.40219.1
Project("{9A19103F-16F7-4668-BE54-9A1E7A4F7556}") = "AzureFunctions.Extensions.OpenIDConnect", "AzureFunctions.Extensions.OpenIDConnect/AzureFunctions.Extensions.OpenIDConnect.csproj", "{72379104-48F7-4A31-9946-C36C573D4563}"
EndProject
Global
	GlobalSection(SolutionConfigurationPlatforms) = preSolution
		Debug|Any CPU = Debug|Any CPU
		Release|Any CPU = Release|Any CPU
	EndGlobalSection
	GlobalSection(ProjectConfigurationPlatforms) = postSolution
		{72379104-48F7-4A31-9946-C36C573D4563}.Debug|Any CPU.ActiveCfg = Debug|Any CPU
		{72379104-48F7-4A31-9946-C36C573D4563}.Debug|Any CPU.Build.0 = Debug|Any CPU
		{72379104-48F7-4A31-9946-C36C573D4563}.Release|Any CPU.ActiveCfg = Release|Any CPU
		{72379104-48F7-4A31-9946-C36C573D4563}.Release|Any CPU.Build.0 = Release|Any CPU
	EndGlobalSection
	GlobalSection(SolutionProperties) = preSolution
		HideSolutionNode = FALSE
	EndGlobalSection
	GlobalSection(ExtensibilityGlobals) = postSolution
		SolutionGuid = {83505560-D060-47AF-8930-6B9AD57DA084}
	EndGlobalSection
EndGlobal
